
Microsoft Visual Studio Solution File, Format Version 12.00
# Visual Studio Version 17
VisualStudioVersion = 17.5.33516.290
MinimumVisualStudioVersion = 10.0.40219.1
Project("{FAE04EC0-301F-11D3-BF4B-00C04F79EFBC}") = "QualityRangeForClient", "QualityRange\QualityRangeForClient.csproj", "{C833FAE4-FF19-435E-A36B-FB562FE64D08}"
EndProject
Project("{FAE04EC0-301F-11D3-BF4B-00C04F79EFBC}") = "DataBase", "DataBase\DataBase.csproj", "{45EA3130-6D9A-4FFA-B005-82A27DB82D90}"
EndProject
Project("{FAE04EC0-301F-11D3-BF4B-00C04F79EFBC}") = "QualityRangeForSalesman", "QualityRangeForSalesman\QualityRangeForSalesman.csproj", "{C4C0A7BB-DBC0-47C4-A071-2B39F2796B29}"
EndProject
Project("{FAE04EC0-301F-11D3-BF4B-00C04F79EFBC}") = "QualityRangeForEmployee", "QualityRangeForEmployee\QualityRangeForEmployee.csproj", "{CE15A593-C176-4B6D-9E5A-A46A8131EAFB}"
EndProject
Global
	GlobalSection(SolutionConfigurationPlatforms) = preSolution
		Debug|Any CPU = Debug|Any CPU
		Release|Any CPU = Release|Any CPU
	EndGlobalSection
	GlobalSection(ProjectConfigurationPlatforms) = postSolution
		{C833FAE4-FF19-435E-A36B-FB562FE64D08}.Debug|Any CPU.ActiveCfg = Debug|Any CPU
		{C833FAE4-FF19-435E-A36B-FB562FE64D08}.Debug|Any CPU.Build.0 = Debug|Any CPU
		{C833FAE4-FF19-435E-A36B-FB562FE64D08}.Release|Any CPU.ActiveCfg = Release|Any CPU
		{C833FAE4-FF19-435E-A36B-FB562FE64D08}.Release|Any CPU.Build.0 = Release|Any CPU
		{45EA3130-6D9A-4FFA-B005-82A27DB82D90}.Debug|Any CPU.ActiveCfg = Debug|Any CPU
		{45EA3130-6D9A-4FFA-B005-82A27DB82D90}.Debug|Any CPU.Build.0 = Debug|Any CPU
		{45EA3130-6D9A-4FFA-B005-82A27DB82D90}.Release|Any CPU.ActiveCfg = Release|Any CPU
		{45EA3130-6D9A-4FFA-B005-82A27DB82D90}.Release|Any CPU.Build.0 = Release|Any CPU
		{C4C0A7BB-DBC0-47C4-A071-2B39F2796B29}.Debug|Any CPU.ActiveCfg = Debug|Any CPU
		{C4C0A7BB-DBC0-47C4-A071-2B39F2796B29}.Debug|Any CPU.Build.0 = Debug|Any CPU
		{C4C0A7BB-DBC0-47C4-A071-2B39F2796B29}.Release|Any CPU.ActiveCfg = Release|Any CPU
		{C4C0A7BB-DBC0-47C4-A071-2B39F2796B29}.Release|Any CPU.Build.0 = Release|Any CPU
		{CE15A593-C176-4B6D-9E5A-A46A8131EAFB}.Debug|Any CPU.ActiveCfg = Debug|Any CPU
		{CE15A593-C176-4B6D-9E5A-A46A8131EAFB}.Debug|Any CPU.Build.0 = Debug|Any CPU
		{CE15A593-C176-4B6D-9E5A-A46A8131EAFB}.Release|Any CPU.ActiveCfg = Release|Any CPU
		{CE15A593-C176-4B6D-9E5A-A46A8131EAFB}.Release|Any CPU.Build.0 = Release|Any CPU
	EndGlobalSection
	GlobalSection(SolutionProperties) = preSolution
		HideSolutionNode = FALSE
	EndGlobalSection
	GlobalSection(ExtensibilityGlobals) = postSolution
		SolutionGuid = {68FA4BF5-C539-4293-9D54-6B0A9323247B}
	EndGlobalSection
EndGlobal
